// !$*UTF8*$!
{
	archiveVersion = 1;
	classes = {
	};
	objectVersion = 46;
	objects = {

/* Begin PBXBuildFile section */
		164042C416D6D6AA009005B8 /* UIKit.framework in Frameworks */ = {isa = PBXBuildFile; fileRef = 164042C316D6D6AA009005B8 /* UIKit.framework */; };
		164042C616D6D6AA009005B8 /* Foundation.framework in Frameworks */ = {isa = PBXBuildFile; fileRef = 164042C516D6D6AA009005B8 /* Foundation.framework */; };
		164042C816D6D6AA009005B8 /* CoreGraphics.framework in Frameworks */ = {isa = PBXBuildFile; fileRef = 164042C716D6D6AA009005B8 /* CoreGraphics.framework */; };
		164042CE16D6D6AA009005B8 /* InfoPlist.strings in Resources */ = {isa = PBXBuildFile; fileRef = 164042CC16D6D6AA009005B8 /* InfoPlist.strings */; };
		164042D016D6D6AA009005B8 /* main.m in Sources */ = {isa = PBXBuildFile; fileRef = 164042CF16D6D6AA009005B8 /* main.m */; };
		164042D416D6D6AA009005B8 /* ScaryBugsAppDelegate.m in Sources */ = {isa = PBXBuildFile; fileRef = 164042D316D6D6AA009005B8 /* ScaryBugsAppDelegate.m */; };
		164042D816D6D6AA009005B8 /* Default@2x.png in Resources */ = {isa = PBXBuildFile; fileRef = 164042D716D6D6AA009005B8 /* Default@2x.png */; };
		164042DA16D6D6AA009005B8 /* Default-568h@2x.png in Resources */ = {isa = PBXBuildFile; fileRef = 164042D916D6D6AA009005B8 /* Default-568h@2x.png */; };
		164042DD16D6D6AA009005B8 /* MainStoryboard_iPhone.storyboard in Resources */ = {isa = PBXBuildFile; fileRef = 164042DB16D6D6AA009005B8 /* MainStoryboard_iPhone.storyboard */; };
		164042E316D6D6AA009005B8 /* ScaryBugsMasterViewController.m in Sources */ = {isa = PBXBuildFile; fileRef = 164042E216D6D6AA009005B8 /* ScaryBugsMasterViewController.m */; };
		164042E616D6D6AA009005B8 /* ScaryBugsDetailViewController.m in Sources */ = {isa = PBXBuildFile; fileRef = 164042E516D6D6AA009005B8 /* ScaryBugsDetailViewController.m */; };
		164042F016D6D8CB009005B8 /* ScaryBugData.m in Sources */ = {isa = PBXBuildFile; fileRef = 164042EF16D6D8CB009005B8 /* ScaryBugData.m */; };
		164042F316D6DA65009005B8 /* ScaryBugDoc.m in Sources */ = {isa = PBXBuildFile; fileRef = 164042F216D6DA65009005B8 /* ScaryBugDoc.m */; };
		164042FC16D6EDD0009005B8 /* centipede.jpg in Resources */ = {isa = PBXBuildFile; fileRef = 164042F416D6EDD0009005B8 /* centipede.jpg */; };
		164042FD16D6EDD0009005B8 /* centipedeThumb.jpg in Resources */ = {isa = PBXBuildFile; fileRef = 164042F516D6EDD0009005B8 /* centipedeThumb.jpg */; };
		164042FE16D6EDD0009005B8 /* ladybug.jpg in Resources */ = {isa = PBXBuildFile; fileRef = 164042F616D6EDD0009005B8 /* ladybug.jpg */; };
		164042FF16D6EDD0009005B8 /* ladybugThumb.jpg in Resources */ = {isa = PBXBuildFile; fileRef = 164042F716D6EDD0009005B8 /* ladybugThumb.jpg */; };
		1640430016D6EDD0009005B8 /* potatoBug.jpg in Resources */ = {isa = PBXBuildFile; fileRef = 164042F816D6EDD0009005B8 /* potatoBug.jpg */; };
		1640430116D6EDD0009005B8 /* potatoBugThumb.jpg in Resources */ = {isa = PBXBuildFile; fileRef = 164042F916D6EDD0009005B8 /* potatoBugThumb.jpg */; };
		1640430216D6EDD0009005B8 /* wolfSpider.jpg in Resources */ = {isa = PBXBuildFile; fileRef = 164042FA16D6EDD0009005B8 /* wolfSpider.jpg */; };
		1640430316D6EDD0009005B8 /* wolfSpiderThumb.jpg in Resources */ = {isa = PBXBuildFile; fileRef = 164042FB16D6EDD0009005B8 /* wolfSpiderThumb.jpg */; };
		1640430716D6FC80009005B8 /* RateView.m in Sources */ = {isa = PBXBuildFile; fileRef = 1640430616D6FC80009005B8 /* RateView.m */; };
		1640430C16D6FCCF009005B8 /* UIImageExtras.m in Sources */ = {isa = PBXBuildFile; fileRef = 1640430B16D6FCCF009005B8 /* UIImageExtras.m */; };
		1640431116D6FCEF009005B8 /* logo1.png in Resources */ = {isa = PBXBuildFile; fileRef = 1640430D16D6FCEF009005B8 /* logo1.png */; };
		1640431216D6FCEF009005B8 /* shockedface2_empty.png in Resources */ = {isa = PBXBuildFile; fileRef = 1640430E16D6FCEF009005B8 /* shockedface2_empty.png */; };
		1640431316D6FCEF009005B8 /* shockedface2_full.png in Resources */ = {isa = PBXBuildFile; fileRef = 1640430F16D6FCEF009005B8 /* shockedface2_full.png */; };
		1640431416D6FCEF009005B8 /* shockedface2_half.png in Resources */ = {isa = PBXBuildFile; fileRef = 1640431016D6FCEF009005B8 /* shockedface2_half.png */; };
		1640431C16D7D91C009005B8 /* Default.png in Resources */ = {isa = PBXBuildFile; fileRef = 1640431B16D7D91C009005B8 /* Default.png */; };
		1640431F16D7DB42009005B8 /* SVProgressHUD.m in Sources */ = {isa = PBXBuildFile; fileRef = 1640431E16D7DB42009005B8 /* SVProgressHUD.m */; };
		1640432116D7DB76009005B8 /* QuartzCore.framework in Frameworks */ = {isa = PBXBuildFile; fileRef = 1640432016D7DB76009005B8 /* QuartzCore.framework */; };
		1640439916D804E4009005B8 /* libRadar.a in Frameworks */ = {isa = PBXBuildFile; fileRef = 1640439816D804E4009005B8 /* libRadar.a */; };
		1640439D16D8336D009005B8 /* RadarVars.m in Sources */ = {isa = PBXBuildFile; fileRef = 1640439C16D8336D009005B8 /* RadarVars.m */; };
/* End PBXBuildFile section */

/* Begin PBXFileReference section */
		164042C016D6D6AA009005B8 /* ScaryBugs.app */ = {isa = PBXFileReference; explicitFileType = wrapper.application; includeInIndex = 0; path = ScaryBugs.app; sourceTree = BUILT_PRODUCTS_DIR; };
		164042C316D6D6AA009005B8 /* UIKit.framework */ = {isa = PBXFileReference; lastKnownFileType = wrapper.framework; name = UIKit.framework; path = System/Library/Frameworks/UIKit.framework; sourceTree = SDKROOT; };
		164042C516D6D6AA009005B8 /* Foundation.framework */ = {isa = PBXFileReference; lastKnownFileType = wrapper.framework; name = Foundation.framework; path = System/Library/Frameworks/Foundation.framework; sourceTree = SDKROOT; };
		164042C716D6D6AA009005B8 /* CoreGraphics.framework */ = {isa = PBXFileReference; lastKnownFileType = wrapper.framework; name = CoreGraphics.framework; path = System/Library/Frameworks/CoreGraphics.framework; sourceTree = SDKROOT; };
		164042CB16D6D6AA009005B8 /* ScaryBugs-Info.plist */ = {isa = PBXFileReference; lastKnownFileType = text.plist.xml; path = "ScaryBugs-Info.plist"; sourceTree = "<group>"; };
		164042CD16D6D6AA009005B8 /* en */ = {isa = PBXFileReference; lastKnownFileType = text.plist.strings; name = en; path = en.lproj/InfoPlist.strings; sourceTree = "<group>"; };
		164042CF16D6D6AA009005B8 /* main.m */ = {isa = PBXFileReference; lastKnownFileType = sourcecode.c.objc; path = main.m; sourceTree = "<group>"; };
		164042D116D6D6AA009005B8 /* ScaryBugs-Prefix.pch */ = {isa = PBXFileReference; lastKnownFileType = sourcecode.c.h; path = "ScaryBugs-Prefix.pch"; sourceTree = "<group>"; };
		164042D216D6D6AA009005B8 /* ScaryBugsAppDelegate.h */ = {isa = PBXFileReference; lastKnownFileType = sourcecode.c.h; path = ScaryBugsAppDelegate.h; sourceTree = "<group>"; };
		164042D316D6D6AA009005B8 /* ScaryBugsAppDelegate.m */ = {isa = PBXFileReference; lastKnownFileType = sourcecode.c.objc; path = ScaryBugsAppDelegate.m; sourceTree = "<group>"; };
		164042D716D6D6AA009005B8 /* Default@2x.png */ = {isa = PBXFileReference; lastKnownFileType = image.png; path = "Default@2x.png"; sourceTree = "<group>"; };
		164042D916D6D6AA009005B8 /* Default-568h@2x.png */ = {isa = PBXFileReference; lastKnownFileType = image.png; path = "Default-568h@2x.png"; sourceTree = "<group>"; };
		164042DC16D6D6AA009005B8 /* en */ = {isa = PBXFileReference; lastKnownFileType = file.storyboard; name = en; path = en.lproj/MainStoryboard_iPhone.storyboard; sourceTree = "<group>"; };
		164042E116D6D6AA009005B8 /* ScaryBugsMasterViewController.h */ = {isa = PBXFileReference; lastKnownFileType = sourcecode.c.h; path = ScaryBugsMasterViewController.h; sourceTree = "<group>"; };
		164042E216D6D6AA009005B8 /* ScaryBugsMasterViewController.m */ = {isa = PBXFileReference; lastKnownFileType = sourcecode.c.objc; path = ScaryBugsMasterViewController.m; sourceTree = "<group>"; };
		164042E416D6D6AA009005B8 /* ScaryBugsDetailViewController.h */ = {isa = PBXFileReference; lastKnownFileType = sourcecode.c.h; path = ScaryBugsDetailViewController.h; sourceTree = "<group>"; };
		164042E516D6D6AA009005B8 /* ScaryBugsDetailViewController.m */ = {isa = PBXFileReference; lastKnownFileType = sourcecode.c.objc; path = ScaryBugsDetailViewController.m; sourceTree = "<group>"; };
		164042EE16D6D8CB009005B8 /* ScaryBugData.h */ = {isa = PBXFileReference; fileEncoding = 4; lastKnownFileType = sourcecode.c.h; path = ScaryBugData.h; sourceTree = "<group>"; };
		164042EF16D6D8CB009005B8 /* ScaryBugData.m */ = {isa = PBXFileReference; fileEncoding = 4; lastKnownFileType = sourcecode.c.objc; path = ScaryBugData.m; sourceTree = "<group>"; };
		164042F116D6DA65009005B8 /* ScaryBugDoc.h */ = {isa = PBXFileReference; fileEncoding = 4; lastKnownFileType = sourcecode.c.h; path = ScaryBugDoc.h; sourceTree = "<group>"; };
		164042F216D6DA65009005B8 /* ScaryBugDoc.m */ = {isa = PBXFileReference; fileEncoding = 4; lastKnownFileType = sourcecode.c.objc; path = ScaryBugDoc.m; sourceTree = "<group>"; };
		164042F416D6EDD0009005B8 /* centipede.jpg */ = {isa = PBXFileReference; lastKnownFileType = image.jpeg; path = centipede.jpg; sourceTree = "<group>"; };
		164042F516D6EDD0009005B8 /* centipedeThumb.jpg */ = {isa = PBXFileReference; lastKnownFileType = image.jpeg; path = centipedeThumb.jpg; sourceTree = "<group>"; };
		164042F616D6EDD0009005B8 /* ladybug.jpg */ = {isa = PBXFileReference; lastKnownFileType = image.jpeg; path = ladybug.jpg; sourceTree = "<group>"; };
		164042F716D6EDD0009005B8 /* ladybugThumb.jpg */ = {isa = PBXFileReference; lastKnownFileType = image.jpeg; path = ladybugThumb.jpg; sourceTree = "<group>"; };
		164042F816D6EDD0009005B8 /* potatoBug.jpg */ = {isa = PBXFileReference; lastKnownFileType = image.jpeg; path = potatoBug.jpg; sourceTree = "<group>"; };
		164042F916D6EDD0009005B8 /* potatoBugThumb.jpg */ = {isa = PBXFileReference; lastKnownFileType = image.jpeg; path = potatoBugThumb.jpg; sourceTree = "<group>"; };
		164042FA16D6EDD0009005B8 /* wolfSpider.jpg */ = {isa = PBXFileReference; lastKnownFileType = image.jpeg; path = wolfSpider.jpg; sourceTree = "<group>"; };
		164042FB16D6EDD0009005B8 /* wolfSpiderThumb.jpg */ = {isa = PBXFileReference; lastKnownFileType = image.jpeg; path = wolfSpiderThumb.jpg; sourceTree = "<group>"; };
		1640430516D6FC80009005B8 /* RateView.h */ = {isa = PBXFileReference; fileEncoding = 4; lastKnownFileType = sourcecode.c.h; path = RateView.h; sourceTree = "<group>"; };
		1640430616D6FC80009005B8 /* RateView.m */ = {isa = PBXFileReference; fileEncoding = 4; lastKnownFileType = sourcecode.c.objc; path = RateView.m; sourceTree = "<group>"; };
		1640430A16D6FCCF009005B8 /* UIImageExtras.h */ = {isa = PBXFileReference; fileEncoding = 4; lastKnownFileType = sourcecode.c.h; path = UIImageExtras.h; sourceTree = "<group>"; };
		1640430B16D6FCCF009005B8 /* UIImageExtras.m */ = {isa = PBXFileReference; fileEncoding = 4; lastKnownFileType = sourcecode.c.objc; path = UIImageExtras.m; sourceTree = "<group>"; };
		1640430D16D6FCEF009005B8 /* logo1.png */ = {isa = PBXFileReference; lastKnownFileType = image.png; path = logo1.png; sourceTree = "<group>"; };
		1640430E16D6FCEF009005B8 /* shockedface2_empty.png */ = {isa = PBXFileReference; lastKnownFileType = image.png; path = shockedface2_empty.png; sourceTree = "<group>"; };
		1640430F16D6FCEF009005B8 /* shockedface2_full.png */ = {isa = PBXFileReference; lastKnownFileType = image.png; path = shockedface2_full.png; sourceTree = "<group>"; };
		1640431016D6FCEF009005B8 /* shockedface2_half.png */ = {isa = PBXFileReference; lastKnownFileType = image.png; path = shockedface2_half.png; sourceTree = "<group>"; };
		1640431B16D7D91C009005B8 /* Default.png */ = {isa = PBXFileReference; lastKnownFileType = image.png; name = Default.png; path = ../Default.png; sourceTree = "<group>"; };
		1640431D16D7DB42009005B8 /* SVProgressHUD.h */ = {isa = PBXFileReference; fileEncoding = 4; lastKnownFileType = sourcecode.c.h; path = SVProgressHUD.h; sourceTree = "<group>"; };
		1640431E16D7DB42009005B8 /* SVProgressHUD.m */ = {isa = PBXFileReference; fileEncoding = 4; lastKnownFileType = sourcecode.c.objc; path = SVProgressHUD.m; sourceTree = "<group>"; };
		1640432016D7DB76009005B8 /* QuartzCore.framework */ = {isa = PBXFileReference; lastKnownFileType = wrapper.framework; name = QuartzCore.framework; path = System/Library/Frameworks/QuartzCore.framework; sourceTree = SDKROOT; };
		1640439816D804E4009005B8 /* libRadar.a */ = {isa = PBXFileReference; lastKnownFileType = archive.ar; name = libRadar.a; path = "../Radar/build/Release-iphoneos/libRadar.a"; sourceTree = "<group>"; };
		1640439B16D8250D009005B8 /* RadarVars.h */ = {isa = PBXFileReference; fileEncoding = 4; lastKnownFileType = sourcecode.c.h; path = RadarVars.h; sourceTree = "<group>"; };
		1640439C16D8336D009005B8 /* RadarVars.m */ = {isa = PBXFileReference; fileEncoding = 4; lastKnownFileType = sourcecode.c.objc; path = RadarVars.m; sourceTree = "<group>"; };
/* End PBXFileReference section */

/* Begin PBXFrameworksBuildPhase section */
		164042BD16D6D6AA009005B8 /* Frameworks */ = {
			isa = PBXFrameworksBuildPhase;
			buildActionMask = 2147483647;
			files = (
				1640439916D804E4009005B8 /* libRadar.a in Frameworks */,
				1640432116D7DB76009005B8 /* QuartzCore.framework in Frameworks */,
				164042C416D6D6AA009005B8 /* UIKit.framework in Frameworks */,
				164042C616D6D6AA009005B8 /* Foundation.framework in Frameworks */,
				164042C816D6D6AA009005B8 /* CoreGraphics.framework in Frameworks */,
			);
			runOnlyForDeploymentPostprocessing = 0;
		};
/* End PBXFrameworksBuildPhase section */

/* Begin PBXGroup section */
		164042B716D6D6AA009005B8 = {
			isa = PBXGroup;
			children = (
				1640439816D804E4009005B8 /* libRadar.a */,
				164042C916D6D6AA009005B8 /* ScaryBugs */,
				164042C216D6D6AA009005B8 /* Frameworks */,
				164042C116D6D6AA009005B8 /* Products */,
			);
			sourceTree = "<group>";
		};
		164042C116D6D6AA009005B8 /* Products */ = {
			isa = PBXGroup;
			children = (
				164042C016D6D6AA009005B8 /* ScaryBugs.app */,
			);
			name = Products;
			sourceTree = "<group>";
		};
		164042C216D6D6AA009005B8 /* Frameworks */ = {
			isa = PBXGroup;
			children = (
				1640432016D7DB76009005B8 /* QuartzCore.framework */,
				164042C316D6D6AA009005B8 /* UIKit.framework */,
				164042C516D6D6AA009005B8 /* Foundation.framework */,
				164042C716D6D6AA009005B8 /* CoreGraphics.framework */,
			);
			name = Frameworks;
			sourceTree = "<group>";
		};
		164042C916D6D6AA009005B8 /* ScaryBugs */ = {
			isa = PBXGroup;
			children = (
				1640439A16D824D4009005B8 /* Radar */,
				1640430916D6FCBD009005B8 /* Art */,
				1640430816D6FCAF009005B8 /* Helpers */,
				1640430416D6FC63009005B8 /* Views */,
				164042F416D6EDD0009005B8 /* centipede.jpg */,
				164042F516D6EDD0009005B8 /* centipedeThumb.jpg */,
				164042F616D6EDD0009005B8 /* ladybug.jpg */,
				164042F716D6EDD0009005B8 /* ladybugThumb.jpg */,
				164042F816D6EDD0009005B8 /* potatoBug.jpg */,
				164042F916D6EDD0009005B8 /* potatoBugThumb.jpg */,
				164042FA16D6EDD0009005B8 /* wolfSpider.jpg */,
				164042FB16D6EDD0009005B8 /* wolfSpiderThumb.jpg */,
				164042ED16D6D881009005B8 /* Model */,
				164042EC16D6D82E009005B8 /* GUI */,
				164042CA16D6D6AA009005B8 /* Supporting Files */,
			);
			path = ScaryBugs;
			sourceTree = "<group>";
		};
		164042CA16D6D6AA009005B8 /* Supporting Files */ = {
			isa = PBXGroup;
			children = (
				1640431B16D7D91C009005B8 /* Default.png */,
				164042CB16D6D6AA009005B8 /* ScaryBugs-Info.plist */,
				164042CC16D6D6AA009005B8 /* InfoPlist.strings */,
				164042CF16D6D6AA009005B8 /* main.m */,
				164042D116D6D6AA009005B8 /* ScaryBugs-Prefix.pch */,
				164042D716D6D6AA009005B8 /* Default@2x.png */,
				164042D916D6D6AA009005B8 /* Default-568h@2x.png */,
			);
			name = "Supporting Files";
			sourceTree = "<group>";
		};
		164042EC16D6D82E009005B8 /* GUI */ = {
			isa = PBXGroup;
			children = (
				164042D216D6D6AA009005B8 /* ScaryBugsAppDelegate.h */,
				164042D316D6D6AA009005B8 /* ScaryBugsAppDelegate.m */,
				164042DB16D6D6AA009005B8 /* MainStoryboard_iPhone.storyboard */,
				164042E116D6D6AA009005B8 /* ScaryBugsMasterViewController.h */,
				164042E216D6D6AA009005B8 /* ScaryBugsMasterViewController.m */,
				164042E416D6D6AA009005B8 /* ScaryBugsDetailViewController.h */,
				164042E516D6D6AA009005B8 /* ScaryBugsDetailViewController.m */,
			);
			name = GUI;
			sourceTree = "<group>";
		};
		164042ED16D6D881009005B8 /* Model */ = {
			isa = PBXGroup;
			children = (
				164042EE16D6D8CB009005B8 /* ScaryBugData.h */,
				164042EF16D6D8CB009005B8 /* ScaryBugData.m */,
				164042F116D6DA65009005B8 /* ScaryBugDoc.h */,
				164042F216D6DA65009005B8 /* ScaryBugDoc.m */,
			);
			name = Model;
			sourceTree = "<group>";
		};
		1640430416D6FC63009005B8 /* Views */ = {
			isa = PBXGroup;
			children = (
				1640431D16D7DB42009005B8 /* SVProgressHUD.h */,
				1640431E16D7DB42009005B8 /* SVProgressHUD.m */,
				1640430516D6FC80009005B8 /* RateView.h */,
				1640430616D6FC80009005B8 /* RateView.m */,
			);
			name = Views;
			sourceTree = "<group>";
		};
		1640430816D6FCAF009005B8 /* Helpers */ = {
			isa = PBXGroup;
			children = (
				1640430A16D6FCCF009005B8 /* UIImageExtras.h */,
				1640430B16D6FCCF009005B8 /* UIImageExtras.m */,
			);
			name = Helpers;
			sourceTree = "<group>";
		};
		1640430916D6FCBD009005B8 /* Art */ = {
			isa = PBXGroup;
			children = (
				1640430D16D6FCEF009005B8 /* logo1.png */,
				1640430E16D6FCEF009005B8 /* shockedface2_empty.png */,
				1640430F16D6FCEF009005B8 /* shockedface2_full.png */,
				1640431016D6FCEF009005B8 /* shockedface2_half.png */,
			);
			name = Art;
			sourceTree = "<group>";
		};
		1640439A16D824D4009005B8 /* Radar */ = {
			isa = PBXGroup;
			children = (
				1640439B16D8250D009005B8 /* RadarVars.h */,
				1640439C16D8336D009005B8 /* RadarVars.m */,
			);
			name = Radar;
			sourceTree = "<group>";
		};
/* End PBXGroup section */

/* Begin PBXNativeTarget section */
		164042BF16D6D6AA009005B8 /* ScaryBugs */ = {
			isa = PBXNativeTarget;
			buildConfigurationList = 164042E916D6D6AA009005B8 /* Build configuration list for PBXNativeTarget "ScaryBugs" */;
			buildPhases = (
				164042BC16D6D6AA009005B8 /* Sources */,
				164042BD16D6D6AA009005B8 /* Frameworks */,
				164042BE16D6D6AA009005B8 /* Resources */,
			);
			buildRules = (
			);
			dependencies = (
			);
			name = ScaryBugs;
			productName = ScaryBugs;
			productReference = 164042C016D6D6AA009005B8 /* ScaryBugs.app */;
			productType = "com.apple.product-type.application";
		};
/* End PBXNativeTarget section */

/* Begin PBXProject section */
		164042B816D6D6AA009005B8 /* Project object */ = {
			isa = PBXProject;
			attributes = {
				CLASSPREFIX = ScaryBugs;
				LastUpgradeCheck = 0460;
				ORGANIZATIONNAME = Cedexis;
			};
			buildConfigurationList = 164042BB16D6D6AA009005B8 /* Build configuration list for PBXProject "ScaryBugs" */;
			compatibilityVersion = "Xcode 3.2";
			developmentRegion = English;
			hasScannedForEncodings = 0;
			knownRegions = (
				en,
			);
			mainGroup = 164042B716D6D6AA009005B8;
			productRefGroup = 164042C116D6D6AA009005B8 /* Products */;
			projectDirPath = "";
			projectRoot = "";
			targets = (
				164042BF16D6D6AA009005B8 /* ScaryBugs */,
			);
		};
/* End PBXProject section */

/* Begin PBXResourcesBuildPhase section */
		164042BE16D6D6AA009005B8 /* Resources */ = {
			isa = PBXResourcesBuildPhase;
			buildActionMask = 2147483647;
			files = (
				164042CE16D6D6AA009005B8 /* InfoPlist.strings in Resources */,
				164042D816D6D6AA009005B8 /* Default@2x.png in Resources */,
				164042DA16D6D6AA009005B8 /* Default-568h@2x.png in Resources */,
				164042DD16D6D6AA009005B8 /* MainStoryboard_iPhone.storyboard in Resources */,
				164042FC16D6EDD0009005B8 /* centipede.jpg in Resources */,
				164042FD16D6EDD0009005B8 /* centipedeThumb.jpg in Resources */,
				164042FE16D6EDD0009005B8 /* ladybug.jpg in Resources */,
				164042FF16D6EDD0009005B8 /* ladybugThumb.jpg in Resources */,
				1640430016D6EDD0009005B8 /* potatoBug.jpg in Resources */,
				1640430116D6EDD0009005B8 /* potatoBugThumb.jpg in Resources */,
				1640430216D6EDD0009005B8 /* wolfSpider.jpg in Resources */,
				1640430316D6EDD0009005B8 /* wolfSpiderThumb.jpg in Resources */,
				1640431116D6FCEF009005B8 /* logo1.png in Resources */,
				1640431216D6FCEF009005B8 /* shockedface2_empty.png in Resources */,
				1640431316D6FCEF009005B8 /* shockedface2_full.png in Resources */,
				1640431416D6FCEF009005B8 /* shockedface2_half.png in Resources */,
				1640431C16D7D91C009005B8 /* Default.png in Resources */,
			);
			runOnlyForDeploymentPostprocessing = 0;
		};
/* End PBXResourcesBuildPhase section */

/* Begin PBXSourcesBuildPhase section */
		164042BC16D6D6AA009005B8 /* Sources */ = {
			isa = PBXSourcesBuildPhase;
			buildActionMask = 2147483647;
			files = (
				164042D016D6D6AA009005B8 /* main.m in Sources */,
				164042D416D6D6AA009005B8 /* ScaryBugsAppDelegate.m in Sources */,
				164042E316D6D6AA009005B8 /* ScaryBugsMasterViewController.m in Sources */,
				164042E616D6D6AA009005B8 /* ScaryBugsDetailViewController.m in Sources */,
				164042F016D6D8CB009005B8 /* ScaryBugData.m in Sources */,
				164042F316D6DA65009005B8 /* ScaryBugDoc.m in Sources */,
				1640430716D6FC80009005B8 /* RateView.m in Sources */,
				1640430C16D6FCCF009005B8 /* UIImageExtras.m in Sources */,
				1640431F16D7DB42009005B8 /* SVProgressHUD.m in Sources */,
				1640439D16D8336D009005B8 /* RadarVars.m in Sources */,
			);
			runOnlyForDeploymentPostprocessing = 0;
		};
/* End PBXSourcesBuildPhase section */

/* Begin PBXVariantGroup section */
		164042CC16D6D6AA009005B8 /* InfoPlist.strings */ = {
			isa = PBXVariantGroup;
			children = (
				164042CD16D6D6AA009005B8 /* en */,
			);
			name = InfoPlist.strings;
			sourceTree = "<group>";
		};
		164042DB16D6D6AA009005B8 /* MainStoryboard_iPhone.storyboard */ = {
			isa = PBXVariantGroup;
			children = (
				164042DC16D6D6AA009005B8 /* en */,
			);
			name = MainStoryboard_iPhone.storyboard;
			sourceTree = "<group>";
		};
/* End PBXVariantGroup section */

/* Begin XCBuildConfiguration section */
		164042E716D6D6AA009005B8 /* Debug */ = {
			isa = XCBuildConfiguration;
			buildSettings = {
				ALWAYS_SEARCH_USER_PATHS = NO;
				CLANG_CXX_LANGUAGE_STANDARD = "gnu++0x";
				CLANG_CXX_LIBRARY = "libc++";
				CLANG_ENABLE_OBJC_ARC = YES;
				CLANG_WARN_CONSTANT_CONVERSION = YES;
				CLANG_WARN_EMPTY_BODY = YES;
				CLANG_WARN_ENUM_CONVERSION = YES;
				CLANG_WARN_INT_CONVERSION = YES;
				CLANG_WARN__DUPLICATE_METHOD_MATCH = YES;
				"CODE_SIGN_IDENTITY[sdk=iphoneos*]" = "iPhone Developer";
				COPY_PHASE_STRIP = NO;
				GCC_C_LANGUAGE_STANDARD = gnu99;
				GCC_DYNAMIC_NO_PIC = NO;
				GCC_OPTIMIZATION_LEVEL = 0;
				GCC_PREPROCESSOR_DEFINITIONS = (
					"DEBUG=1",
					"$(inherited)",
				);
				GCC_SYMBOLS_PRIVATE_EXTERN = NO;
				GCC_WARN_ABOUT_RETURN_TYPE = YES;
				GCC_WARN_UNINITIALIZED_AUTOS = YES;
				GCC_WARN_UNUSED_VARIABLE = YES;
				IPHONEOS_DEPLOYMENT_TARGET = 6.1;
				ONLY_ACTIVE_ARCH = YES;
				SDKROOT = iphoneos;
				TARGETED_DEVICE_FAMILY = "1,2";
			};
			name = Debug;
		};
		164042E816D6D6AA009005B8 /* Release */ = {
			isa = XCBuildConfiguration;
			buildSettings = {
				ALWAYS_SEARCH_USER_PATHS = NO;
				CLANG_CXX_LANGUAGE_STANDARD = "gnu++0x";
				CLANG_CXX_LIBRARY = "libc++";
				CLANG_ENABLE_OBJC_ARC = YES;
				CLANG_WARN_CONSTANT_CONVERSION = YES;
				CLANG_WARN_EMPTY_BODY = YES;
				CLANG_WARN_ENUM_CONVERSION = YES;
				CLANG_WARN_INT_CONVERSION = YES;
				CLANG_WARN__DUPLICATE_METHOD_MATCH = YES;
				"CODE_SIGN_IDENTITY[sdk=iphoneos*]" = "iPhone Developer";
				COPY_PHASE_STRIP = YES;
				GCC_C_LANGUAGE_STANDARD = gnu99;
				GCC_WARN_ABOUT_RETURN_TYPE = YES;
				GCC_WARN_UNINITIALIZED_AUTOS = YES;
				GCC_WARN_UNUSED_VARIABLE = YES;
				IPHONEOS_DEPLOYMENT_TARGET = 6.1;
				OTHER_CFLAGS = "-DNS_BLOCK_ASSERTIONS=1";
				SDKROOT = iphoneos;
				TARGETED_DEVICE_FAMILY = "1,2";
				VALIDATE_PRODUCT = YES;
			};
			name = Release;
		};
		164042EA16D6D6AA009005B8 /* Debug */ = {
			isa = XCBuildConfiguration;
			buildSettings = {
				GCC_PRECOMPILE_PREFIX_HEADER = YES;
				GCC_PREFIX_HEADER = "ScaryBugs/ScaryBugs-Prefix.pch";
				INFOPLIST_FILE = "ScaryBugs/ScaryBugs-Info.plist";
				PRODUCT_NAME = "$(TARGET_NAME)";
				TARGETED_DEVICE_FAMILY = 1;
				USER_HEADER_SEARCH_PATHS = "../Radar/**";
				WRAPPER_EXTENSION = app;
			};
			name = Debug;
		};
		164042EB16D6D6AA009005B8 /* Release */ = {
			isa = XCBuildConfiguration;
			buildSettings = {
				GCC_PRECOMPILE_PREFIX_HEADER = YES;
				GCC_PREFIX_HEADER = "ScaryBugs/ScaryBugs-Prefix.pch";
				INFOPLIST_FILE = "ScaryBugs/ScaryBugs-Info.plist";
				PRODUCT_NAME = "$(TARGET_NAME)";
				TARGETED_DEVICE_FAMILY = 1;
				USER_HEADER_SEARCH_PATHS = "../Radar/**";
				WRAPPER_EXTENSION = app;
			};
			name = Release;
		};
/* End XCBuildConfiguration section */

/* Begin XCConfigurationList section */
		164042BB16D6D6AA009005B8 /* Build configuration list for PBXProject "ScaryBugs" */ = {
			isa = XCConfigurationList;
			buildConfigurations = (
				164042E716D6D6AA009005B8 /* Debug */,
				164042E816D6D6AA009005B8 /* Release */,
			);
			defaultConfigurationIsVisible = 0;
			defaultConfigurationName = Release;
		};
		164042E916D6D6AA009005B8 /* Build configuration list for PBXNativeTarget "ScaryBugs" */ = {
			isa = XCConfigurationList;
			buildConfigurations = (
				164042EA16D6D6AA009005B8 /* Debug */,
				164042EB16D6D6AA009005B8 /* Release */,
			);
			defaultConfigurationIsVisible = 0;
			defaultConfigurationName = Release;
		};
/* End XCConfigurationList section */
	};
	rootObject = 164042B816D6D6AA009005B8 /* Project object */;
}
